# THIS IS AN AUTOGENERATED FILE. DO NOT EDIT THIS FILE DIRECTLY.
# yarn lockfile v1


react-native-parallax-scroll-view@^0.19.0:
  version "0.19.0"
  resolved "https://registry.yarnpkg.com/react-native-parallax-scroll-view/-/react-native-parallax-scroll-view-0.19.0.tgz#23b9af1f13249a610f4641e2582a58997df7d80a"
